
Microsoft Visual Studio Solution File, Format Version 12.00
# Visual Studio 15
Project("{FAE04EC0-301F-11D3-BF4B-00C04F79EFBC}") = "Assembly-CSharp", "Assembly-CSharp.csproj", "{750548F5-850B-C64C-A528-D63B60CF360C}"
EndProject
Project("{FAE04EC0-301F-11D3-BF4B-00C04F79EFBC}") = "Assembly-CSharp-Editor-firstpass", "Assembly-CSharp-Editor-firstpass.csproj", "{A1392EFC-11C7-D82A-D279-D85E458525B5}"
EndProject
Global
	GlobalSection(SolutionConfigurationPlatforms) = preSolution
		Debug|Any CPU = Debug|Any CPU
		Release|Any CPU = Release|Any CPU
	EndGlobalSection
	GlobalSection(ProjectConfigurationPlatforms) = postSolution
		{750548F5-850B-C64C-A528-D63B60CF360C}.Debug|Any CPU.ActiveCfg = Debug|Any CPU
		{750548F5-850B-C64C-A528-D63B60CF360C}.Debug|Any CPU.Build.0 = Debug|Any CPU
		{750548F5-850B-C64C-A528-D63B60CF360C}.Release|Any CPU.ActiveCfg = Release|Any CPU
		{750548F5-850B-C64C-A528-D63B60CF360C}.Release|Any CPU.Build.0 = Release|Any CPU
		{A1392EFC-11C7-D82A-D279-D85E458525B5}.Debug|Any CPU.ActiveCfg = Debug|Any CPU
		{A1392EFC-11C7-D82A-D279-D85E458525B5}.Debug|Any CPU.Build.0 = Debug|Any CPU
		{A1392EFC-11C7-D82A-D279-D85E458525B5}.Release|Any CPU.ActiveCfg = Release|Any CPU
		{A1392EFC-11C7-D82A-D279-D85E458525B5}.Release|Any CPU.Build.0 = Release|Any CPU
	EndGlobalSection
	GlobalSection(SolutionProperties) = preSolution
		HideSolutionNode = FALSE
	EndGlobalSection
EndGlobal
